
Microsoft Visual Studio Solution File, Format Version 12.00
# Visual Studio 15
VisualStudioVersion = 15.0.28307.902
MinimumVisualStudioVersion = 10.0.40219.1
Project("{FAE04EC0-301F-11D3-BF4B-00C04F79EFBC}") = "lmvz2_LAB", "lmvz2_LAB\lmvz2_LAB.csproj", "{CD12687D-9B7A-4F6D-AA10-380E061D6168}"
EndProject
Global
	GlobalSection(SolutionConfigurationPlatforms) = preSolution
		Debug|Any CPU = Debug|Any CPU
		Release|Any CPU = Release|Any CPU
	EndGlobalSection
	GlobalSection(ProjectConfigurationPlatforms) = postSolution
		{CD12687D-9B7A-4F6D-AA10-380E061D6168}.Debug|Any CPU.ActiveCfg = Debug|Any CPU
		{CD12687D-9B7A-4F6D-AA10-380E061D6168}.Debug|Any CPU.Build.0 = Debug|Any CPU
		{CD12687D-9B7A-4F6D-AA10-380E061D6168}.Release|Any CPU.ActiveCfg = Release|Any CPU
		{CD12687D-9B7A-4F6D-AA10-380E061D6168}.Release|Any CPU.Build.0 = Release|Any CPU
	EndGlobalSection
	GlobalSection(SolutionProperties) = preSolution
		HideSolutionNode = FALSE
	EndGlobalSection
	GlobalSection(ExtensibilityGlobals) = postSolution
		SolutionGuid = {BEE4636E-DDD2-4D6A-B19B-D22DD5C2C706}
	EndGlobalSection
EndGlobal
